
Microsoft Visual Studio Solution File, Format Version 12.00
Project("{2150E333-8FDC-42A3-9474-1A3956D46DE8}") = "src", "src", "{DBE0BB0F-1946-433B-96D0-F067E132901A}"
EndProject
Project("{2150E333-8FDC-42A3-9474-1A3956D46DE8}") = "test", "test", "{9F733DB4-F309-4F7D-A6B6-17BCFF87C6C8}"
EndProject
Project("{FAE04EC0-301F-11D3-BF4B-00C04F79EFBC}") = "TestLunaLootMasterApi", "TestLunaLootMasterApi\TestLunaLootMasterApi.csproj", "{F6CFED3A-ADBF-47CA-9099-BA20A3E46BEA}"
EndProject
Project("{FAE04EC0-301F-11D3-BF4B-00C04F79EFBC}") = "LunaLoot.Master.Infrastructure", "LunaLoot.Master.Infrastructure\LunaLoot.Master.Infrastructure.csproj", "{4AA5A274-37D5-4458-A286-03AB513947AC}"
EndProject
Project("{FAE04EC0-301F-11D3-BF4B-00C04F79EFBC}") = "LunaLoot.Master.Application", "LunaLoot.Master.Application\LunaLoot.Master.Application.csproj", "{B5548201-1FE1-4F8F-99C4-28F131474938}"
EndProject
Project("{FAE04EC0-301F-11D3-BF4B-00C04F79EFBC}") = "TestLunaLootMasterInfrastructure", "TestLunaLootMasterInfrastructure\TestLunaLootMasterInfrastructure.csproj", "{61785A11-42ED-4849-9A02-088C2F4ABFD0}"
EndProject
Project("{FAE04EC0-301F-11D3-BF4B-00C04F79EFBC}") = "__stubs__", "__stubs__\__stubs__.csproj", "{AC3B95EE-2B3A-4FAF-9BE0-F6FCF160E46F}"
EndProject
Project("{FAE04EC0-301F-11D3-BF4B-00C04F79EFBC}") = "LunaLoot.Master.Contracts", "LunaLoot.Master.Contracts\LunaLoot.Master.Contracts.csproj", "{269F5723-1721-4AA4-B71C-3A31903D8B25}"
EndProject
Project("{FAE04EC0-301F-11D3-BF4B-00C04F79EFBC}") = "LunaLoot.Master.Api", "LunaLoot.Master.Api\LunaLoot.Master.Api.csproj", "{ACF7425D-1942-4EC7-8AD6-DDE89B94A7AC}"
EndProject
Project("{FAE04EC0-301F-11D3-BF4B-00C04F79EFBC}") = "LunaLoot.Master.Domain", "LunaLoot.Master.Domain\LunaLoot.Master.Domain.csproj", "{B7C8F8DA-B34A-4FFE-80DE-BDCD2E182DE0}"
EndProject
Project("{FAE04EC0-301F-11D3-BF4B-00C04F79EFBC}") = "TestLunaLootMasterApplication", "TestLunaLootMasterApplication\TestLunaLootMasterApplication.csproj", "{0C24B92D-8851-44A1-A914-A5E335555483}"
EndProject
Project("{2150E333-8FDC-42A3-9474-1A3956D46DE8}") = "UnitTests", "UnitTests", "{F243F5EF-7CDC-4EEF-A00C-F294443F9232}"
EndProject
Project("{2150E333-8FDC-42A3-9474-1A3956D46DE8}") = "Services", "Services", "{F86279B7-41FE-4B75-8E10-8183A92737B2}"
EndProject
Project("{2150E333-8FDC-42A3-9474-1A3956D46DE8}") = "Core", "Core", "{4317F7EF-1EF0-4F9D-B5EF-42B776CAD8C4}"
EndProject
Project("{FAE04EC0-301F-11D3-BF4B-00C04F79EFBC}") = "LunaLoot.Infrastructure.UnitTests", "LunaLoot.Infrastructure.UnitTests\LunaLoot.Infrastructure.UnitTests.csproj", "{C87C2EB6-7082-4889-8155-3A553FC7B473}"
EndProject
Global
	GlobalSection(SolutionConfigurationPlatforms) = preSolution
		Debug|Any CPU = Debug|Any CPU
		Release|Any CPU = Release|Any CPU
	EndGlobalSection
	GlobalSection(NestedProjects) = preSolution
		{F243F5EF-7CDC-4EEF-A00C-F294443F9232} = {9F733DB4-F309-4F7D-A6B6-17BCFF87C6C8}
		{AC3B95EE-2B3A-4FAF-9BE0-F6FCF160E46F} = {F243F5EF-7CDC-4EEF-A00C-F294443F9232}
		{F6CFED3A-ADBF-47CA-9099-BA20A3E46BEA} = {F243F5EF-7CDC-4EEF-A00C-F294443F9232}
		{0C24B92D-8851-44A1-A914-A5E335555483} = {F243F5EF-7CDC-4EEF-A00C-F294443F9232}
		{61785A11-42ED-4849-9A02-088C2F4ABFD0} = {F243F5EF-7CDC-4EEF-A00C-F294443F9232}
		{F86279B7-41FE-4B75-8E10-8183A92737B2} = {DBE0BB0F-1946-433B-96D0-F067E132901A}
		{4317F7EF-1EF0-4F9D-B5EF-42B776CAD8C4} = {DBE0BB0F-1946-433B-96D0-F067E132901A}
		{B5548201-1FE1-4F8F-99C4-28F131474938} = {F86279B7-41FE-4B75-8E10-8183A92737B2}
		{269F5723-1721-4AA4-B71C-3A31903D8B25} = {F86279B7-41FE-4B75-8E10-8183A92737B2}
		{B7C8F8DA-B34A-4FFE-80DE-BDCD2E182DE0} = {F86279B7-41FE-4B75-8E10-8183A92737B2}
		{4AA5A274-37D5-4458-A286-03AB513947AC} = {F86279B7-41FE-4B75-8E10-8183A92737B2}
		{ACF7425D-1942-4EC7-8AD6-DDE89B94A7AC} = {4317F7EF-1EF0-4F9D-B5EF-42B776CAD8C4}
		{C87C2EB6-7082-4889-8155-3A553FC7B473} = {F243F5EF-7CDC-4EEF-A00C-F294443F9232}
	EndGlobalSection
	GlobalSection(ProjectConfigurationPlatforms) = postSolution
		{F6CFED3A-ADBF-47CA-9099-BA20A3E46BEA}.Debug|Any CPU.ActiveCfg = Debug|Any CPU
		{F6CFED3A-ADBF-47CA-9099-BA20A3E46BEA}.Debug|Any CPU.Build.0 = Debug|Any CPU
		{F6CFED3A-ADBF-47CA-9099-BA20A3E46BEA}.Release|Any CPU.ActiveCfg = Release|Any CPU
		{F6CFED3A-ADBF-47CA-9099-BA20A3E46BEA}.Release|Any CPU.Build.0 = Release|Any CPU
		{4AA5A274-37D5-4458-A286-03AB513947AC}.Debug|Any CPU.ActiveCfg = Debug|Any CPU
		{4AA5A274-37D5-4458-A286-03AB513947AC}.Debug|Any CPU.Build.0 = Debug|Any CPU
		{4AA5A274-37D5-4458-A286-03AB513947AC}.Release|Any CPU.ActiveCfg = Release|Any CPU
		{4AA5A274-37D5-4458-A286-03AB513947AC}.Release|Any CPU.Build.0 = Release|Any CPU
		{B5548201-1FE1-4F8F-99C4-28F131474938}.Debug|Any CPU.ActiveCfg = Debug|Any CPU
		{B5548201-1FE1-4F8F-99C4-28F131474938}.Debug|Any CPU.Build.0 = Debug|Any CPU
		{B5548201-1FE1-4F8F-99C4-28F131474938}.Release|Any CPU.ActiveCfg = Release|Any CPU
		{B5548201-1FE1-4F8F-99C4-28F131474938}.Release|Any CPU.Build.0 = Release|Any CPU
		{61785A11-42ED-4849-9A02-088C2F4ABFD0}.Debug|Any CPU.ActiveCfg = Debug|Any CPU
		{61785A11-42ED-4849-9A02-088C2F4ABFD0}.Debug|Any CPU.Build.0 = Debug|Any CPU
		{61785A11-42ED-4849-9A02-088C2F4ABFD0}.Release|Any CPU.ActiveCfg = Release|Any CPU
		{61785A11-42ED-4849-9A02-088C2F4ABFD0}.Release|Any CPU.Build.0 = Release|Any CPU
		{AC3B95EE-2B3A-4FAF-9BE0-F6FCF160E46F}.Debug|Any CPU.ActiveCfg = Debug|Any CPU
		{AC3B95EE-2B3A-4FAF-9BE0-F6FCF160E46F}.Debug|Any CPU.Build.0 = Debug|Any CPU
		{AC3B95EE-2B3A-4FAF-9BE0-F6FCF160E46F}.Release|Any CPU.ActiveCfg = Release|Any CPU
		{AC3B95EE-2B3A-4FAF-9BE0-F6FCF160E46F}.Release|Any CPU.Build.0 = Release|Any CPU
		{269F5723-1721-4AA4-B71C-3A31903D8B25}.Debug|Any CPU.ActiveCfg = Debug|Any CPU
		{269F5723-1721-4AA4-B71C-3A31903D8B25}.Debug|Any CPU.Build.0 = Debug|Any CPU
		{269F5723-1721-4AA4-B71C-3A31903D8B25}.Release|Any CPU.ActiveCfg = Release|Any CPU
		{269F5723-1721-4AA4-B71C-3A31903D8B25}.Release|Any CPU.Build.0 = Release|Any CPU
		{ACF7425D-1942-4EC7-8AD6-DDE89B94A7AC}.Debug|Any CPU.ActiveCfg = Debug|Any CPU
		{ACF7425D-1942-4EC7-8AD6-DDE89B94A7AC}.Debug|Any CPU.Build.0 = Debug|Any CPU
		{ACF7425D-1942-4EC7-8AD6-DDE89B94A7AC}.Release|Any CPU.ActiveCfg = Release|Any CPU
		{ACF7425D-1942-4EC7-8AD6-DDE89B94A7AC}.Release|Any CPU.Build.0 = Release|Any CPU
		{B7C8F8DA-B34A-4FFE-80DE-BDCD2E182DE0}.Debug|Any CPU.ActiveCfg = Debug|Any CPU
		{B7C8F8DA-B34A-4FFE-80DE-BDCD2E182DE0}.Debug|Any CPU.Build.0 = Debug|Any CPU
		{B7C8F8DA-B34A-4FFE-80DE-BDCD2E182DE0}.Release|Any CPU.ActiveCfg = Release|Any CPU
		{B7C8F8DA-B34A-4FFE-80DE-BDCD2E182DE0}.Release|Any CPU.Build.0 = Release|Any CPU
		{0C24B92D-8851-44A1-A914-A5E335555483}.Debug|Any CPU.ActiveCfg = Debug|Any CPU
		{0C24B92D-8851-44A1-A914-A5E335555483}.Debug|Any CPU.Build.0 = Debug|Any CPU
		{0C24B92D-8851-44A1-A914-A5E335555483}.Release|Any CPU.ActiveCfg = Release|Any CPU
		{0C24B92D-8851-44A1-A914-A5E335555483}.Release|Any CPU.Build.0 = Release|Any CPU
		{C87C2EB6-7082-4889-8155-3A553FC7B473}.Debug|Any CPU.ActiveCfg = Debug|Any CPU
		{C87C2EB6-7082-4889-8155-3A553FC7B473}.Debug|Any CPU.Build.0 = Debug|Any CPU
		{C87C2EB6-7082-4889-8155-3A553FC7B473}.Release|Any CPU.ActiveCfg = Release|Any CPU
		{C87C2EB6-7082-4889-8155-3A553FC7B473}.Release|Any CPU.Build.0 = Release|Any CPU
	EndGlobalSection
EndGlobal
